
Microsoft Visual Studio Solution File, Format Version 12.00
# Visual Studio Version 16
VisualStudioVersion = 16.0.30717.126
MinimumVisualStudioVersion = 10.0.40219.1
Project("{FAE04EC0-301F-11D3-BF4B-00C04F79EFBC}") = "approvefreight_api", "approvefreight_api\approvefreight_api.csproj", "{668DFC35-43E8-4C0F-BE39-7985A71775BB}"
EndProject
Global
	GlobalSection(SolutionConfigurationPlatforms) = preSolution
		Debug|Any CPU = Debug|Any CPU
		Release|Any CPU = Release|Any CPU
	EndGlobalSection
	GlobalSection(ProjectConfigurationPlatforms) = postSolution
		{668DFC35-43E8-4C0F-BE39-7985A71775BB}.Debug|Any CPU.ActiveCfg = Debug|Any CPU
		{668DFC35-43E8-4C0F-BE39-7985A71775BB}.Debug|Any CPU.Build.0 = Debug|Any CPU
		{668DFC35-43E8-4C0F-BE39-7985A71775BB}.Release|Any CPU.ActiveCfg = Release|Any CPU
		{668DFC35-43E8-4C0F-BE39-7985A71775BB}.Release|Any CPU.Build.0 = Release|Any CPU
	EndGlobalSection
	GlobalSection(SolutionProperties) = preSolution
		HideSolutionNode = FALSE
	EndGlobalSection
	GlobalSection(ExtensibilityGlobals) = postSolution
		SolutionGuid = {3621571A-8E14-428E-BB22-C74BB4CFAAE1}
	EndGlobalSection
EndGlobal
